{
  "name": "mather",
  "version": "0.0.1",
  "lockfileVersion": 2,
  "requires": true,
  "packages": {
    "": {
      "name": "mather",
      "version": "0.0.1",
      "license": "MIT",
      "dependencies": {
        "newcar": "^0.3.1"
      }
    },
    "node_modules/newcar": {
      "version": "0.3.1",
      "resolved": "https://registry.npmjs.org/newcar/-/newcar-0.3.1.tgz",
      "integrity": "sha512-t1RVcimSZU+MvzH401GIJyxR87WsAADUJ9wTU0JXRTNJwxAPSLu42E/51MflGkXVkqzJk0BiChx1u93S+BFdEA=="
    }
  },
  "dependencies": {
    "newcar": {
      "version": "0.3.1",
      "resolved": "https://registry.npmjs.org/newcar/-/newcar-0.3.1.tgz",
      "integrity": "sha512-t1RVcimSZU+MvzH401GIJyxR87WsAADUJ9wTU0JXRTNJwxAPSLu42E/51MflGkXVkqzJk0BiChx1u93S+BFdEA=="
    }
  }
}
